
Microsoft Visual Studio Solution File, Format Version 12.00
# Visual Studio Version 16
VisualStudioVersion = 16.0.28803.156
MinimumVisualStudioVersion = 10.0.40219.1
Project("{FAE04EC0-301F-11D3-BF4B-00C04F79EFBC}") = "AngularAspNetCoreAuth", "AngularAspNetCoreAuth\AngularAspNetCoreAuth.csproj", "{071DA20F-8FB1-410F-AA58-651BFFEFE045}"
EndProject
Global
	GlobalSection(SolutionConfigurationPlatforms) = preSolution
		Debug|Any CPU = Debug|Any CPU
		Release|Any CPU = Release|Any CPU
	EndGlobalSection
	GlobalSection(ProjectConfigurationPlatforms) = postSolution
		{071DA20F-8FB1-410F-AA58-651BFFEFE045}.Debug|Any CPU.ActiveCfg = Debug|Any CPU
		{071DA20F-8FB1-410F-AA58-651BFFEFE045}.Debug|Any CPU.Build.0 = Debug|Any CPU
		{071DA20F-8FB1-410F-AA58-651BFFEFE045}.Release|Any CPU.ActiveCfg = Release|Any CPU
		{071DA20F-8FB1-410F-AA58-651BFFEFE045}.Release|Any CPU.Build.0 = Release|Any CPU
	EndGlobalSection
	GlobalSection(SolutionProperties) = preSolution
		HideSolutionNode = FALSE
	EndGlobalSection
	GlobalSection(ExtensibilityGlobals) = postSolution
		SolutionGuid = {AFB00CE2-7AA6-4D3C-B21C-F34FFD2DC976}
	EndGlobalSection
EndGlobal
